
Microsoft Visual Studio Solution File, Format Version 12.00
# Visual Studio Version 16
VisualStudioVersion = 16.0.31129.286
MinimumVisualStudioVersion = 10.0.40219.1
Project("{FAE04EC0-301F-11D3-BF4B-00C04F79EFBC}") = "ProvaPraticaUCDB", "ProvaPraticaUCDB\ProvaPraticaUCDB.csproj", "{07C22BD0-04FF-492B-AD59-BBEF2AA849BB}"
EndProject
Global
	GlobalSection(SolutionConfigurationPlatforms) = preSolution
		Debug|Any CPU = Debug|Any CPU
		Release|Any CPU = Release|Any CPU
	EndGlobalSection
	GlobalSection(ProjectConfigurationPlatforms) = postSolution
		{07C22BD0-04FF-492B-AD59-BBEF2AA849BB}.Debug|Any CPU.ActiveCfg = Debug|Any CPU
		{07C22BD0-04FF-492B-AD59-BBEF2AA849BB}.Debug|Any CPU.Build.0 = Debug|Any CPU
		{07C22BD0-04FF-492B-AD59-BBEF2AA849BB}.Release|Any CPU.ActiveCfg = Release|Any CPU
		{07C22BD0-04FF-492B-AD59-BBEF2AA849BB}.Release|Any CPU.Build.0 = Release|Any CPU
	EndGlobalSection
	GlobalSection(SolutionProperties) = preSolution
		HideSolutionNode = FALSE
	EndGlobalSection
	GlobalSection(ExtensibilityGlobals) = postSolution
		SolutionGuid = {8A50373B-CDE4-4028-800C-1B040A9B0745}
	EndGlobalSection
EndGlobal
