
Microsoft Visual Studio Solution File, Format Version 12.00
# Visual Studio Version 16
VisualStudioVersion = 16.0.31129.286
MinimumVisualStudioVersion = 10.0.40219.1
Project("{FAE04EC0-301F-11D3-BF4B-00C04F79EFBC}") = "Teste", "Teste\Teste.csproj", "{07B8F61F-1DF6-420D-8B7D-5726ECBA66E1}"
EndProject
Global
	GlobalSection(SolutionConfigurationPlatforms) = preSolution
		Debug|Any CPU = Debug|Any CPU
		Release|Any CPU = Release|Any CPU
	EndGlobalSection
	GlobalSection(ProjectConfigurationPlatforms) = postSolution
		{07B8F61F-1DF6-420D-8B7D-5726ECBA66E1}.Debug|Any CPU.ActiveCfg = Debug|Any CPU
		{07B8F61F-1DF6-420D-8B7D-5726ECBA66E1}.Debug|Any CPU.Build.0 = Debug|Any CPU
		{07B8F61F-1DF6-420D-8B7D-5726ECBA66E1}.Release|Any CPU.ActiveCfg = Release|Any CPU
		{07B8F61F-1DF6-420D-8B7D-5726ECBA66E1}.Release|Any CPU.Build.0 = Release|Any CPU
	EndGlobalSection
	GlobalSection(SolutionProperties) = preSolution
		HideSolutionNode = FALSE
	EndGlobalSection
	GlobalSection(ExtensibilityGlobals) = postSolution
		SolutionGuid = {C68E317C-F913-42DE-8918-2156A70E1E62}
	EndGlobalSection
EndGlobal
